{
  "name": "graphwork",
  "version": "1.0.0",
  "lockfileVersion": 1,
  "requires": true,
  "dependencies": {
    "expression-compiler": {
      "version": "git+https://github.com/garyranson/expression-compiler.git#306cbb824188b1f757f7c54480c6551cdd7330d2",
      "from": "git+https://github.com/garyranson/expression-compiler.git",
      "requires": {
        "expression-parser": "github:garyranson/expression-parser#d299739f835aba6fe960ebd4c73bf775f31ff3e6"
      }
    },
    "expression-parser": {
      "version": "github:garyranson/expression-parser#d299739f835aba6fe960ebd4c73bf775f31ff3e6",
      "from": "github:garyranson/expression-parser"
    },
    "systemjs": {
      "version": "0.21.5",
      "resolved": "https://registry.npmjs.org/systemjs/-/systemjs-0.21.5.tgz",
      "integrity": "sha512-GWzZhN/x7Fsae2CYkz2GF7OgOS+YDgKulcgd5L1kTogZHMKDrPx5T8zI8I0y5RoU9Dx78Z7j1XMfuFa1thD84A=="
    },
    "typescript": {
      "version": "3.2.0-dev.20181023",
      "resolved": "https://registry.npmjs.org/typescript/-/typescript-3.2.0-dev.20181023.tgz",
      "integrity": "sha512-qTv31d/po+iFPOfpOspGAper4wT72E936HaUQ0O7ecqefsKm7S13dPdBDFjJ4RmNL8MScl6R7BdU9h0CcITdVQ==",
      "dev": true
    }
  }
}
